{
  "lockfileVersion": 1,
  "configVersion": 1,
  "workspaces": {
    "": {
      "name": "k6-practice",
      "dependencies": {
        "agent-browser": "^0.8.6",
      },
      "devDependencies": {
        "@types/k6": "^0.54.0",
        "typescript": "^5.7.0",
      },
    },
  },
  "packages": {
    "@types/k6": ["@types/k6@0.54.2", "", {}, "sha512-B5LPxeQm97JnUTpoKNE1UX9jFp+JiJCAXgZOa2P7aChxVoPQXKfWMzK+739xHq3lPkKj1aV+HeOxkP56g/oWBg=="],

    "agent-browser": ["agent-browser@0.8.6", "", { "dependencies": { "playwright-core": "^1.57.0", "ws": "^8.19.0", "zod": "^3.22.4" }, "bin": { "agent-browser": "bin/agent-browser.js" } }, "sha512-v2QSNJA6gTqN7gPQZQ6cgXJ3Fg8pSysF5mgUPIlt5Uqj0ycEgd6vZDXopy7nVKNmWpb+V/9vx5erCMZx7MdDIQ=="],

    "playwright-core": ["playwright-core@1.58.1", "", { "bin": { "playwright-core": "cli.js" } }, "sha512-bcWzOaTxcW+VOOGBCQgnaKToLJ65d6AqfLVKEWvexyS3AS6rbXl+xdpYRMGSRBClPvyj44njOWoxjNdL/H9UNg=="],

    "typescript": ["typescript@5.9.3", "", { "bin": { "tsc": "bin/tsc", "tsserver": "bin/tsserver" } }, "sha512-jl1vZzPDinLr9eUt3J/t7V6FgNEw9QjvBPdysz9KfQDD41fQrC2Y4vKQdiaUpFT4bXlb1RHhLpp8wtm6M5TgSw=="],

    "ws": ["ws@8.19.0", "", { "peerDependencies": { "bufferutil": "^4.0.1", "utf-8-validate": ">=5.0.2" }, "optionalPeers": ["bufferutil", "utf-8-validate"] }, "sha512-blAT2mjOEIi0ZzruJfIhb3nps74PRWTCz1IjglWEEpQl5XS/UNama6u2/rjFkDDouqr4L67ry+1aGIALViWjDg=="],

    "zod": ["zod@3.25.76", "", {}, "sha512-gzUt/qt81nXsFGKIFcC3YnfEAx5NkunCfnDlvuBSSFS02bcXu4Lmea0AFIUwbLWxWPx3d9p8S5QoaujKcNQxcQ=="],
  }
}
